{
  "name": "@anywhichway/all",
  "version": "0.0.1",
  "lockfileVersion": 3,
  "requires": true,
  "packages": {
    "": {
      "name": "@anywhichway/all",
      "version": "0.0.1",
      "license": "MIT",
      "dependencies": {
        "@anywhichway/map": "^0.0.1",
        "arg-waiter": "^0.0.1"
      }
    },
    "node_modules/@anywhichway/map": {
      "version": "0.0.1",
      "resolved": "https://registry.npmjs.org/@anywhichway/map/-/map-0.0.1.tgz",
      "integrity": "sha512-tyr5krve15ise8KmlDZB5c9FsZGYZKrbCWm35Yn02NArEmIgCQAtP/Xv1hKLCzW/h4m5FZV+3V+AsVVRO6vyuA==",
      "dependencies": {
        "arg-waiter": "^0.0.1"
      }
    },
    "node_modules/arg-waiter": {
      "version": "0.0.1",
      "resolved": "https://registry.npmjs.org/arg-waiter/-/arg-waiter-0.0.1.tgz",
      "integrity": "sha512-gG/kYldl+Oj50fjnRhNNvnIO0RVxfKcL3M8GuhJ4zibZmgj2nAYODEj1jEJifItAgom7GDZp14axUVeKuICTzg=="
    }
  }
}
