{
  "name": "@anywhichway/all",
  "version": "1.0.0",
  "lockfileVersion": 3,
  "requires": true,
  "packages": {
    "": {
      "name": "@anywhichway/all",
      "version": "1.0.0",
      "license": "MIT",
      "dependencies": {
        "@anywhichway/map": "^1.0.0",
        "arg-waiter": "^0.0.1"
      }
    },
    "node_modules/@anywhichway/map": {
      "version": "1.0.0",
      "resolved": "https://registry.npmjs.org/@anywhichway/map/-/map-1.0.0.tgz",
      "integrity": "sha512-9uUWzPMchPnZNg2kHIif+v9+oJt20tIbs0ERXdFscKz1gZM7INxt5LpMsRsQy8sMyBjFQKxXY8AI1MrpYX8h/Q==",
      "dependencies": {
        "arg-waiter": "^0.0.1"
      }
    },
    "node_modules/arg-waiter": {
      "version": "0.0.1",
      "resolved": "https://registry.npmjs.org/arg-waiter/-/arg-waiter-0.0.1.tgz",
      "integrity": "sha512-gG/kYldl+Oj50fjnRhNNvnIO0RVxfKcL3M8GuhJ4zibZmgj2nAYODEj1jEJifItAgom7GDZp14axUVeKuICTzg=="
    }
  }
}
